
Microsoft Visual Studio Solution File, Format Version 11.00
# Visual Studio 2010
Project("{FAE04EC0-301F-11D3-BF4B-00C04F79EFBC}") = "MightyHeartsAPI", "ONCMighty\MightyHeartsAPI.csproj", "{EE3639C7-3BEA-4A6C-8621-C29C4C3BD631}"
EndProject
Global
	GlobalSection(SolutionConfigurationPlatforms) = preSolution
		Debug|Any CPU = Debug|Any CPU
		Release|Any CPU = Release|Any CPU
	EndGlobalSection
	GlobalSection(ProjectConfigurationPlatforms) = postSolution
		{EE3639C7-3BEA-4A6C-8621-C29C4C3BD631}.Debug|Any CPU.ActiveCfg = Debug|Any CPU
		{EE3639C7-3BEA-4A6C-8621-C29C4C3BD631}.Debug|Any CPU.Build.0 = Debug|Any CPU
		{EE3639C7-3BEA-4A6C-8621-C29C4C3BD631}.Release|Any CPU.ActiveCfg = Release|Any CPU
		{EE3639C7-3BEA-4A6C-8621-C29C4C3BD631}.Release|Any CPU.Build.0 = Release|Any CPU
	EndGlobalSection
	GlobalSection(SolutionProperties) = preSolution
		HideSolutionNode = FALSE
	EndGlobalSection
EndGlobal
